
Microsoft Visual Studio Solution File, Format Version 12.00
# Visual Studio Version 17
VisualStudioVersion = 17.13.35825.156 d17.13
MinimumVisualStudioVersion = 10.0.40219.1
Project("{FAE04EC0-301F-11D3-BF4B-00C04F79EFBC}") = "250325 개인실습", "250325 개인실습.csproj", "{D2B2690E-4A39-49D8-B5B0-035285035C5E}"
EndProject
Global
	GlobalSection(SolutionConfigurationPlatforms) = preSolution
		Debug|Any CPU = Debug|Any CPU
		Release|Any CPU = Release|Any CPU
	EndGlobalSection
	GlobalSection(ProjectConfigurationPlatforms) = postSolution
		{D2B2690E-4A39-49D8-B5B0-035285035C5E}.Debug|Any CPU.ActiveCfg = Debug|Any CPU
		{D2B2690E-4A39-49D8-B5B0-035285035C5E}.Debug|Any CPU.Build.0 = Debug|Any CPU
		{D2B2690E-4A39-49D8-B5B0-035285035C5E}.Release|Any CPU.ActiveCfg = Release|Any CPU
		{D2B2690E-4A39-49D8-B5B0-035285035C5E}.Release|Any CPU.Build.0 = Release|Any CPU
	EndGlobalSection
	GlobalSection(SolutionProperties) = preSolution
		HideSolutionNode = FALSE
	EndGlobalSection
	GlobalSection(ExtensibilityGlobals) = postSolution
		SolutionGuid = {358B79F3-D4F2-4331-84DC-4E08035CBA0D}
	EndGlobalSection
EndGlobal
